
Microsoft Visual Studio Solution File, Format Version 12.00
# Visual Studio Version 17
VisualStudioVersion = 17.14.36414.22 d17.14
MinimumVisualStudioVersion = 10.0.40219.1
Project("{FAE04EC0-301F-11D3-BF4B-00C04F79EFBC}") = "MunicipalServices", "MunicipalServices.csproj", "{C387C481-2B4B-4CB8-B5E6-501C7632473F}"
EndProject
Global
	GlobalSection(SolutionConfigurationPlatforms) = preSolution
		Debug|Any CPU = Debug|Any CPU
		Release|Any CPU = Release|Any CPU
	EndGlobalSection
	GlobalSection(ProjectConfigurationPlatforms) = postSolution
		{C387C481-2B4B-4CB8-B5E6-501C7632473F}.Debug|Any CPU.ActiveCfg = Debug|Any CPU
		{C387C481-2B4B-4CB8-B5E6-501C7632473F}.Debug|Any CPU.Build.0 = Debug|Any CPU
		{C387C481-2B4B-4CB8-B5E6-501C7632473F}.Release|Any CPU.ActiveCfg = Release|Any CPU
		{C387C481-2B4B-4CB8-B5E6-501C7632473F}.Release|Any CPU.Build.0 = Release|Any CPU
	EndGlobalSection
	GlobalSection(SolutionProperties) = preSolution
		HideSolutionNode = FALSE
	EndGlobalSection
	GlobalSection(ExtensibilityGlobals) = postSolution
		SolutionGuid = {BC589869-E370-40A6-A9ED-429C4D2778D2}
	EndGlobalSection
EndGlobal
